// !$*UTF8*$!
{
	archiveVersion = 1;
	classes = {
	};
	objectVersion = 46;
	objects = {

/* Begin PBXBuildFile section */
		2F5E765A2BAC50DCD1915006 /* Pods_ToyboxTests.framework in Frameworks */ = {isa = PBXBuildFile; fileRef = 8C82F1CEDC9866183B7140EC /* Pods_ToyboxTests.framework */; };
		46415C8522453BE80092751D /* DevicesViewController.swift in Sources */ = {isa = PBXBuildFile; fileRef = 46415C8422453BE80092751D /* DevicesViewController.swift */; };
		46415C8722453CE30092751D /* DeviceTableViewCell.swift in Sources */ = {isa = PBXBuildFile; fileRef = 46415C8622453CE30092751D /* DeviceTableViewCell.swift */; };
		B1B5C9C912A9076946A645B0 /* Pods_QRCodeReaderTests.framework in Frameworks */ = {isa = PBXBuildFile; fileRef = 8B94372C71B03026D8FF9201 /* Pods_QRCodeReaderTests.framework */; };
		DC2008F505EC0F9471B1237C /* Pods_Toybox.framework in Frameworks */ = {isa = PBXBuildFile; fileRef = 00BAE7AC6502AA8E688B5B90 /* Pods_Toybox.framework */; };
		F4432265214954E800A25CA2 /* AlphabeticalViewController.swift in Sources */ = {isa = PBXBuildFile; fileRef = F4432264214954E800A25CA2 /* AlphabeticalViewController.swift */; };
		F44322672149637600A25CA2 /* EmployeeTableViewCell.swift in Sources */ = {isa = PBXBuildFile; fileRef = F44322662149637600A25CA2 /* EmployeeTableViewCell.swift */; };
		F4432271214AE1C700A25CA2 /* QRCodeReaderTests.swift in Sources */ = {isa = PBXBuildFile; fileRef = F4432270214AE1C700A25CA2 /* QRCodeReaderTests.swift */; };
		F4432279214FF54600A25CA2 /* SnipeAPIManager.swift in Sources */ = {isa = PBXBuildFile; fileRef = F4432278214FF54600A25CA2 /* SnipeAPIManager.swift */; };
		F48218F32305922400C9BC14 /* ConnectorViewController.swift in Sources */ = {isa = PBXBuildFile; fileRef = F48218F22305922400C9BC14 /* ConnectorViewController.swift */; };
		F499B300216F93B000F59810 /* Keys.plist in Resources */ = {isa = PBXBuildFile; fileRef = F499B2FF216F93B000F59810 /* Keys.plist */; };
		F4AAD5EB230B3F230018E73D /* UIStoryboardSegueWithCompletion.swift in Sources */ = {isa = PBXBuildFile; fileRef = F4AAD5EA230B3F230018E73D /* UIStoryboardSegueWithCompletion.swift */; };
		F4BB49892152A84500F74744 /* SnipeAPIResponseModels.swift in Sources */ = {isa = PBXBuildFile; fileRef = F4BB49882152A84500F74744 /* SnipeAPIResponseModels.swift */; };
		F4BB498D21552FEE00F74744 /* ErrorManager.swift in Sources */ = {isa = PBXBuildFile; fileRef = F4BB498C21552FEE00F74744 /* ErrorManager.swift */; };
		F4BB498F215D70DC00F74744 /* StringLiterals.swift in Sources */ = {isa = PBXBuildFile; fileRef = F4BB498E215D70DB00F74744 /* StringLiterals.swift */; };
		F4E7C6802301A7D700382AE2 /* ScanFirst.storyboard in Resources */ = {isa = PBXBuildFile; fileRef = F4E7C67F2301A7D700382AE2 /* ScanFirst.storyboard */; };
		F4E7C6822301ABAB00382AE2 /* ScannerViewController.swift in Sources */ = {isa = PBXBuildFile; fileRef = F4E7C6812301ABAB00382AE2 /* ScannerViewController.swift */; };
		F4E7C68823049A4E00382AE2 /* Button.swift in Sources */ = {isa = PBXBuildFile; fileRef = F4E7C68723049A4E00382AE2 /* Button.swift */; };
		F4F09DB71DAF669400026BB2 /* AppDelegate.swift in Sources */ = {isa = PBXBuildFile; fileRef = F4F09DB61DAF669400026BB2 /* AppDelegate.swift */; };
		F4F09DBC1DAF669400026BB2 /* Main.storyboard in Resources */ = {isa = PBXBuildFile; fileRef = F4F09DBA1DAF669400026BB2 /* Main.storyboard */; };
		F4F09DBE1DAF669400026BB2 /* Assets.xcassets in Resources */ = {isa = PBXBuildFile; fileRef = F4F09DBD1DAF669400026BB2 /* Assets.xcassets */; };
		F4F09DC11DAF669400026BB2 /* LaunchScreen.storyboard in Resources */ = {isa = PBXBuildFile; fileRef = F4F09DBF1DAF669400026BB2 /* LaunchScreen.storyboard */; };
		F4F09DC91DAF6A3800026BB2 /* QRCodeViewController.swift in Sources */ = {isa = PBXBuildFile; fileRef = F4F09DC81DAF6A3800026BB2 /* QRCodeViewController.swift */; };
		F4F09DCB1DAF6A4F00026BB2 /* QRScannerController.swift in Sources */ = {isa = PBXBuildFile; fileRef = F4F09DCA1DAF6A4F00026BB2 /* QRScannerController.swift */; };
/* End PBXBuildFile section */

/* Begin PBXContainerItemProxy section */
		F4432273214AE1C700A25CA2 /* PBXContainerItemProxy */ = {
			isa = PBXContainerItemProxy;
			containerPortal = F4F09DAB1DAF669400026BB2 /* Project object */;
			proxyType = 1;
			remoteGlobalIDString = F4F09DB21DAF669400026BB2;
			remoteInfo = QRCodeReader;
		};
/* End PBXContainerItemProxy section */

/* Begin PBXFileReference section */
		00BAE7AC6502AA8E688B5B90 /* Pods_Toybox.framework */ = {isa = PBXFileReference; explicitFileType = wrapper.framework; includeInIndex = 0; path = Pods_Toybox.framework; sourceTree = BUILT_PRODUCTS_DIR; };
		06DFC50B743E3E5C7758EE6C /* Pods-ToyboxTests.release.xcconfig */ = {isa = PBXFileReference; includeInIndex = 1; lastKnownFileType = text.xcconfig; name = "Pods-ToyboxTests.release.xcconfig"; path = "Pods/Target Support Files/Pods-ToyboxTests/Pods-ToyboxTests.release.xcconfig"; sourceTree = "<group>"; };
		31B37FA4E80D067EE5ABB615 /* Pods-QRCodeReader.debug.xcconfig */ = {isa = PBXFileReference; includeInIndex = 1; lastKnownFileType = text.xcconfig; name = "Pods-QRCodeReader.debug.xcconfig"; path = "Pods/Target Support Files/Pods-QRCodeReader/Pods-QRCodeReader.debug.xcconfig"; sourceTree = "<group>"; };
		35A8326CBDF649DFAA223B0B /* Pods-Toybox.debug.xcconfig */ = {isa = PBXFileReference; includeInIndex = 1; lastKnownFileType = text.xcconfig; name = "Pods-Toybox.debug.xcconfig"; path = "Pods/Target Support Files/Pods-Toybox/Pods-Toybox.debug.xcconfig"; sourceTree = "<group>"; };
		46415C8422453BE80092751D /* DevicesViewController.swift */ = {isa = PBXFileReference; lastKnownFileType = sourcecode.swift; path = DevicesViewController.swift; sourceTree = "<group>"; };
		46415C8622453CE30092751D /* DeviceTableViewCell.swift */ = {isa = PBXFileReference; lastKnownFileType = sourcecode.swift; path = DeviceTableViewCell.swift; sourceTree = "<group>"; };
		5480900B5803FFAB2C1BEB28 /* Pods-QRCodeReader.release.xcconfig */ = {isa = PBXFileReference; includeInIndex = 1; lastKnownFileType = text.xcconfig; name = "Pods-QRCodeReader.release.xcconfig"; path = "Pods/Target Support Files/Pods-QRCodeReader/Pods-QRCodeReader.release.xcconfig"; sourceTree = "<group>"; };
		70720664C2F66549B75933A2 /* Pods-QRCodeReaderTests.release.xcconfig */ = {isa = PBXFileReference; includeInIndex = 1; lastKnownFileType = text.xcconfig; name = "Pods-QRCodeReaderTests.release.xcconfig"; path = "Pods/Target Support Files/Pods-QRCodeReaderTests/Pods-QRCodeReaderTests.release.xcconfig"; sourceTree = "<group>"; };
		8B94372C71B03026D8FF9201 /* Pods_QRCodeReaderTests.framework */ = {isa = PBXFileReference; explicitFileType = wrapper.framework; includeInIndex = 0; path = Pods_QRCodeReaderTests.framework; sourceTree = BUILT_PRODUCTS_DIR; };
		8C82F1CEDC9866183B7140EC /* Pods_ToyboxTests.framework */ = {isa = PBXFileReference; explicitFileType = wrapper.framework; includeInIndex = 0; path = Pods_ToyboxTests.framework; sourceTree = BUILT_PRODUCTS_DIR; };
		B9C6BD1F40ECF65D3C0FCC19 /* Pods_QRCodeReader.framework */ = {isa = PBXFileReference; explicitFileType = wrapper.framework; includeInIndex = 0; path = Pods_QRCodeReader.framework; sourceTree = BUILT_PRODUCTS_DIR; };
		BFA7F05EE397BA44D23528FF /* Pods-QRCodeReaderTests.debug.xcconfig */ = {isa = PBXFileReference; includeInIndex = 1; lastKnownFileType = text.xcconfig; name = "Pods-QRCodeReaderTests.debug.xcconfig"; path = "Pods/Target Support Files/Pods-QRCodeReaderTests/Pods-QRCodeReaderTests.debug.xcconfig"; sourceTree = "<group>"; };
		C69251E0A9B13676F815C324 /* Pods-Toybox.release.xcconfig */ = {isa = PBXFileReference; includeInIndex = 1; lastKnownFileType = text.xcconfig; name = "Pods-Toybox.release.xcconfig"; path = "Pods/Target Support Files/Pods-Toybox/Pods-Toybox.release.xcconfig"; sourceTree = "<group>"; };
		DCA8F6C1EDB762BE07E7AAC4 /* Pods-ToyboxTests.debug.xcconfig */ = {isa = PBXFileReference; includeInIndex = 1; lastKnownFileType = text.xcconfig; name = "Pods-ToyboxTests.debug.xcconfig"; path = "Pods/Target Support Files/Pods-ToyboxTests/Pods-ToyboxTests.debug.xcconfig"; sourceTree = "<group>"; };
		F4432264214954E800A25CA2 /* AlphabeticalViewController.swift */ = {isa = PBXFileReference; lastKnownFileType = sourcecode.swift; path = AlphabeticalViewController.swift; sourceTree = "<group>"; };
		F44322662149637600A25CA2 /* EmployeeTableViewCell.swift */ = {isa = PBXFileReference; lastKnownFileType = sourcecode.swift; path = EmployeeTableViewCell.swift; sourceTree = "<group>"; };
		F443226E214AE1C700A25CA2 /* ToyboxTests.xctest */ = {isa = PBXFileReference; explicitFileType = wrapper.cfbundle; includeInIndex = 0; path = ToyboxTests.xctest; sourceTree = BUILT_PRODUCTS_DIR; };
		F4432270214AE1C700A25CA2 /* QRCodeReaderTests.swift */ = {isa = PBXFileReference; lastKnownFileType = sourcecode.swift; path = QRCodeReaderTests.swift; sourceTree = "<group>"; };
		F4432272214AE1C700A25CA2 /* Info.plist */ = {isa = PBXFileReference; lastKnownFileType = text.plist.xml; path = Info.plist; sourceTree = "<group>"; };
		F4432278214FF54600A25CA2 /* SnipeAPIManager.swift */ = {isa = PBXFileReference; lastKnownFileType = sourcecode.swift; path = SnipeAPIManager.swift; sourceTree = "<group>"; };
		F48218F22305922400C9BC14 /* ConnectorViewController.swift */ = {isa = PBXFileReference; lastKnownFileType = sourcecode.swift; path = ConnectorViewController.swift; sourceTree = "<group>"; };
		F499B2FF216F93B000F59810 /* Keys.plist */ = {isa = PBXFileReference; lastKnownFileType = text.plist.xml; path = Keys.plist; sourceTree = "<group>"; };
		F4AAD5EA230B3F230018E73D /* UIStoryboardSegueWithCompletion.swift */ = {isa = PBXFileReference; lastKnownFileType = sourcecode.swift; path = UIStoryboardSegueWithCompletion.swift; sourceTree = "<group>"; };
		F4BB49882152A84500F74744 /* SnipeAPIResponseModels.swift */ = {isa = PBXFileReference; lastKnownFileType = sourcecode.swift; path = SnipeAPIResponseModels.swift; sourceTree = "<group>"; };
		F4BB498C21552FEE00F74744 /* ErrorManager.swift */ = {isa = PBXFileReference; lastKnownFileType = sourcecode.swift; path = ErrorManager.swift; sourceTree = "<group>"; };
		F4BB498E215D70DB00F74744 /* StringLiterals.swift */ = {isa = PBXFileReference; lastKnownFileType = sourcecode.swift; path = StringLiterals.swift; sourceTree = "<group>"; };
		F4E7C67F2301A7D700382AE2 /* ScanFirst.storyboard */ = {isa = PBXFileReference; lastKnownFileType = file.storyboard; path = ScanFirst.storyboard; sourceTree = "<group>"; };
		F4E7C6812301ABAB00382AE2 /* ScannerViewController.swift */ = {isa = PBXFileReference; lastKnownFileType = sourcecode.swift; path = ScannerViewController.swift; sourceTree = "<group>"; };
		F4E7C68723049A4E00382AE2 /* Button.swift */ = {isa = PBXFileReference; lastKnownFileType = sourcecode.swift; path = Button.swift; sourceTree = "<group>"; };
		F4F09DB31DAF669400026BB2 /* Toybox.app */ = {isa = PBXFileReference; explicitFileType = wrapper.application; includeInIndex = 0; path = Toybox.app; sourceTree = BUILT_PRODUCTS_DIR; };
		F4F09DB61DAF669400026BB2 /* AppDelegate.swift */ = {isa = PBXFileReference; lastKnownFileType = sourcecode.swift; path = AppDelegate.swift; sourceTree = "<group>"; };
		F4F09DBB1DAF669400026BB2 /* Base */ = {isa = PBXFileReference; lastKnownFileType = file.storyboard; name = Base; path = Base.lproj/Main.storyboard; sourceTree = "<group>"; };
		F4F09DBD1DAF669400026BB2 /* Assets.xcassets */ = {isa = PBXFileReference; lastKnownFileType = folder.assetcatalog; path = Assets.xcassets; sourceTree = "<group>"; };
		F4F09DC01DAF669400026BB2 /* Base */ = {isa = PBXFileReference; lastKnownFileType = file.storyboard; name = Base; path = Base.lproj/LaunchScreen.storyboard; sourceTree = "<group>"; };
		F4F09DC21DAF669400026BB2 /* Info.plist */ = {isa = PBXFileReference; lastKnownFileType = text.plist.xml; path = Info.plist; sourceTree = "<group>"; };
		F4F09DC81DAF6A3800026BB2 /* QRCodeViewController.swift */ = {isa = PBXFileReference; fileEncoding = 4; lastKnownFileType = sourcecode.swift; path = QRCodeViewController.swift; sourceTree = "<group>"; };
		F4F09DCA1DAF6A4F00026BB2 /* QRScannerController.swift */ = {isa = PBXFileReference; fileEncoding = 4; lastKnownFileType = sourcecode.swift; path = QRScannerController.swift; sourceTree = "<group>"; };
/* End PBXFileReference section */

/* Begin PBXFrameworksBuildPhase section */
		F443226B214AE1C700A25CA2 /* Frameworks */ = {
			isa = PBXFrameworksBuildPhase;
			buildActionMask = 2147483647;
			files = (
				B1B5C9C912A9076946A645B0 /* Pods_QRCodeReaderTests.framework in Frameworks */,
				2F5E765A2BAC50DCD1915006 /* Pods_ToyboxTests.framework in Frameworks */,
			);
			runOnlyForDeploymentPostprocessing = 0;
		};
		F4F09DB01DAF669400026BB2 /* Frameworks */ = {
			isa = PBXFrameworksBuildPhase;
			buildActionMask = 2147483647;
			files = (
				DC2008F505EC0F9471B1237C /* Pods_Toybox.framework in Frameworks */,
			);
			runOnlyForDeploymentPostprocessing = 0;
		};
/* End PBXFrameworksBuildPhase section */

/* Begin PBXGroup section */
		32B78067DD8C9C819355D035 /* Frameworks */ = {
			isa = PBXGroup;
			children = (
				B9C6BD1F40ECF65D3C0FCC19 /* Pods_QRCodeReader.framework */,
				8B94372C71B03026D8FF9201 /* Pods_QRCodeReaderTests.framework */,
				00BAE7AC6502AA8E688B5B90 /* Pods_Toybox.framework */,
				8C82F1CEDC9866183B7140EC /* Pods_ToyboxTests.framework */,
			);
			name = Frameworks;
			sourceTree = "<group>";
		};
		BFE5A70D9F74E3A32A3C404B /* Pods */ = {
			isa = PBXGroup;
			children = (
				31B37FA4E80D067EE5ABB615 /* Pods-QRCodeReader.debug.xcconfig */,
				5480900B5803FFAB2C1BEB28 /* Pods-QRCodeReader.release.xcconfig */,
				BFA7F05EE397BA44D23528FF /* Pods-QRCodeReaderTests.debug.xcconfig */,
				70720664C2F66549B75933A2 /* Pods-QRCodeReaderTests.release.xcconfig */,
				35A8326CBDF649DFAA223B0B /* Pods-Toybox.debug.xcconfig */,
				C69251E0A9B13676F815C324 /* Pods-Toybox.release.xcconfig */,
				DCA8F6C1EDB762BE07E7AAC4 /* Pods-ToyboxTests.debug.xcconfig */,
				06DFC50B743E3E5C7758EE6C /* Pods-ToyboxTests.release.xcconfig */,
			);
			name = Pods;
			sourceTree = "<group>";
		};
		F443226F214AE1C700A25CA2 /* ToyboxTests */ = {
			isa = PBXGroup;
			children = (
				F4432270214AE1C700A25CA2 /* QRCodeReaderTests.swift */,
				F4432272214AE1C700A25CA2 /* Info.plist */,
			);
			path = ToyboxTests;
			sourceTree = "<group>";
		};
		F4F09DAA1DAF669400026BB2 = {
			isa = PBXGroup;
			children = (
				F4F09DB51DAF669400026BB2 /* Toybox */,
				F443226F214AE1C700A25CA2 /* ToyboxTests */,
				F4F09DB41DAF669400026BB2 /* Products */,
				BFE5A70D9F74E3A32A3C404B /* Pods */,
				32B78067DD8C9C819355D035 /* Frameworks */,
			);
			sourceTree = "<group>";
		};
		F4F09DB41DAF669400026BB2 /* Products */ = {
			isa = PBXGroup;
			children = (
				F4F09DB31DAF669400026BB2 /* Toybox.app */,
				F443226E214AE1C700A25CA2 /* ToyboxTests.xctest */,
			);
			name = Products;
			sourceTree = "<group>";
		};
		F4F09DB51DAF669400026BB2 /* Toybox */ = {
			isa = PBXGroup;
			children = (
				F4F09DB61DAF669400026BB2 /* AppDelegate.swift */,
				F4F09DBD1DAF669400026BB2 /* Assets.xcassets */,
				F4F09DBF1DAF669400026BB2 /* LaunchScreen.storyboard */,
				F4F09DC21DAF669400026BB2 /* Info.plist */,
				F499B2FF216F93B000F59810 /* Keys.plist */,
				F4F09DBA1DAF669400026BB2 /* Main.storyboard */,
				F4E7C67F2301A7D700382AE2 /* ScanFirst.storyboard */,
				F4AAD5EA230B3F230018E73D /* UIStoryboardSegueWithCompletion.swift */,
				F4E7C68723049A4E00382AE2 /* Button.swift */,
				F4E7C6812301ABAB00382AE2 /* ScannerViewController.swift */,
				F48218F22305922400C9BC14 /* ConnectorViewController.swift */,
				F4F09DC81DAF6A3800026BB2 /* QRCodeViewController.swift */,
				F4F09DCA1DAF6A4F00026BB2 /* QRScannerController.swift */,
				F4432264214954E800A25CA2 /* AlphabeticalViewController.swift */,
				F44322662149637600A25CA2 /* EmployeeTableViewCell.swift */,
				F4432278214FF54600A25CA2 /* SnipeAPIManager.swift */,
				F4BB49882152A84500F74744 /* SnipeAPIResponseModels.swift */,
				F4BB498C21552FEE00F74744 /* ErrorManager.swift */,
				F4BB498E215D70DB00F74744 /* StringLiterals.swift */,
				46415C8422453BE80092751D /* DevicesViewController.swift */,
				46415C8622453CE30092751D /* DeviceTableViewCell.swift */,
			);
			path = Toybox;
			sourceTree = "<group>";
		};
/* End PBXGroup section */

/* Begin PBXNativeTarget section */
		F443226D214AE1C700A25CA2 /* ToyboxTests */ = {
			isa = PBXNativeTarget;
			buildConfigurationList = F4432275214AE1C700A25CA2 /* Build configuration list for PBXNativeTarget "ToyboxTests" */;
			buildPhases = (
				3C1CA905EA0A177107302E03 /* [CP] Check Pods Manifest.lock */,
				F443226A214AE1C700A25CA2 /* Sources */,
				F443226B214AE1C700A25CA2 /* Frameworks */,
				F443226C214AE1C700A25CA2 /* Resources */,
			);
			buildRules = (
			);
			dependencies = (
				F4432274214AE1C700A25CA2 /* PBXTargetDependency */,
			);
			name = ToyboxTests;
			productName = QRCodeReaderTests;
			productReference = F443226E214AE1C700A25CA2 /* ToyboxTests.xctest */;
			productType = "com.apple.product-type.bundle.unit-test";
		};
		F4F09DB21DAF669400026BB2 /* Toybox */ = {
			isa = PBXNativeTarget;
			buildConfigurationList = F4F09DC51DAF669400026BB2 /* Build configuration list for PBXNativeTarget "Toybox" */;
			buildPhases = (
				9517ED26C91D9EF5D3E6810F /* [CP] Check Pods Manifest.lock */,
				F4F09DAF1DAF669400026BB2 /* Sources */,
				F4F09DB01DAF669400026BB2 /* Frameworks */,
				F4F09DB11DAF669400026BB2 /* Resources */,
				B36443C319E2EFCCA3BA22EF /* [CP] Embed Pods Frameworks */,
			);
			buildRules = (
			);
			dependencies = (
			);
			name = Toybox;
			productName = QRCodeReader;
			productReference = F4F09DB31DAF669400026BB2 /* Toybox.app */;
			productType = "com.apple.product-type.application";
		};
/* End PBXNativeTarget section */

/* Begin PBXProject section */
		F4F09DAB1DAF669400026BB2 /* Project object */ = {
			isa = PBXProject;
			attributes = {
				LastSwiftUpdateCheck = 0940;
				LastUpgradeCheck = 0940;
				ORGANIZATIONNAME = AppCoda;
				TargetAttributes = {
					F443226D214AE1C700A25CA2 = {
						CreatedOnToolsVersion = 9.4;
						DevelopmentTeam = BFVB637U6Y;
						LastSwiftMigration = 1000;
						ProvisioningStyle = Automatic;
						TestTargetID = F4F09DB21DAF669400026BB2;
					};
					F4F09DB21DAF669400026BB2 = {
						CreatedOnToolsVersion = 8.0;
						DevelopmentTeam = YL7Q499FV6;
						LastSwiftMigration = 1000;
						ProvisioningStyle = Automatic;
					};
				};
			};
			buildConfigurationList = F4F09DAE1DAF669400026BB2 /* Build configuration list for PBXProject "Toybox" */;
			compatibilityVersion = "Xcode 3.2";
			developmentRegion = English;
			hasScannedForEncodings = 0;
			knownRegions = (
				English,
				en,
				Base,
			);
			mainGroup = F4F09DAA1DAF669400026BB2;
			productRefGroup = F4F09DB41DAF669400026BB2 /* Products */;
			projectDirPath = "";
			projectRoot = "";
			targets = (
				F4F09DB21DAF669400026BB2 /* Toybox */,
				F443226D214AE1C700A25CA2 /* ToyboxTests */,
			);
		};
/* End PBXProject section */

/* Begin PBXResourcesBuildPhase section */
		F443226C214AE1C700A25CA2 /* Resources */ = {
			isa = PBXResourcesBuildPhase;
			buildActionMask = 2147483647;
			files = (
			);
			runOnlyForDeploymentPostprocessing = 0;
		};
		F4F09DB11DAF669400026BB2 /* Resources */ = {
			isa = PBXResourcesBuildPhase;
			buildActionMask = 2147483647;
			files = (
				F4E7C6802301A7D700382AE2 /* ScanFirst.storyboard in Resources */,
				F499B300216F93B000F59810 /* Keys.plist in Resources */,
				F4F09DC11DAF669400026BB2 /* LaunchScreen.storyboard in Resources */,
				F4F09DBE1DAF669400026BB2 /* Assets.xcassets in Resources */,
				F4F09DBC1DAF669400026BB2 /* Main.storyboard in Resources */,
			);
			runOnlyForDeploymentPostprocessing = 0;
		};
/* End PBXResourcesBuildPhase section */

/* Begin PBXShellScriptBuildPhase section */
		3C1CA905EA0A177107302E03 /* [CP] Check Pods Manifest.lock */ = {
			isa = PBXShellScriptBuildPhase;
			buildActionMask = 2147483647;
			files = (
			);
			inputPaths = (
				"${PODS_PODFILE_DIR_PATH}/Podfile.lock",
				"${PODS_ROOT}/Manifest.lock",
			);
			name = "[CP] Check Pods Manifest.lock";
			outputPaths = (
				"$(DERIVED_FILE_DIR)/Pods-ToyboxTests-checkManifestLockResult.txt",
			);
			runOnlyForDeploymentPostprocessing = 0;
			shellPath = /bin/sh;
			shellScript = "diff \"${PODS_PODFILE_DIR_PATH}/Podfile.lock\" \"${PODS_ROOT}/Manifest.lock\" > /dev/null\nif [ $? != 0 ] ; then\n    # print error to STDERR\n    echo \"error: The sandbox is not in sync with the Podfile.lock. Run 'pod install' or update your CocoaPods installation.\" >&2\n    exit 1\nfi\n# This output is used by Xcode 'outputs' to avoid re-running this script phase.\necho \"SUCCESS\" > \"${SCRIPT_OUTPUT_FILE_0}\"\n";
			showEnvVarsInLog = 0;
		};
		9517ED26C91D9EF5D3E6810F /* [CP] Check Pods Manifest.lock */ = {
			isa = PBXShellScriptBuildPhase;
			buildActionMask = 2147483647;
			files = (
			);
			inputPaths = (
				"${PODS_PODFILE_DIR_PATH}/Podfile.lock",
				"${PODS_ROOT}/Manifest.lock",
			);
			name = "[CP] Check Pods Manifest.lock";
			outputPaths = (
				"$(DERIVED_FILE_DIR)/Pods-Toybox-checkManifestLockResult.txt",
			);
			runOnlyForDeploymentPostprocessing = 0;
			shellPath = /bin/sh;
			shellScript = "diff \"${PODS_PODFILE_DIR_PATH}/Podfile.lock\" \"${PODS_ROOT}/Manifest.lock\" > /dev/null\nif [ $? != 0 ] ; then\n    # print error to STDERR\n    echo \"error: The sandbox is not in sync with the Podfile.lock. Run 'pod install' or update your CocoaPods installation.\" >&2\n    exit 1\nfi\n# This output is used by Xcode 'outputs' to avoid re-running this script phase.\necho \"SUCCESS\" > \"${SCRIPT_OUTPUT_FILE_0}\"\n";
			showEnvVarsInLog = 0;
		};
		B36443C319E2EFCCA3BA22EF /* [CP] Embed Pods Frameworks */ = {
			isa = PBXShellScriptBuildPhase;
			buildActionMask = 2147483647;
			files = (
			);
			inputPaths = (
				"${PODS_ROOT}/Target Support Files/Pods-Toybox/Pods-Toybox-frameworks.sh",
				"${BUILT_PRODUCTS_DIR}/Alamofire/Alamofire.framework",
				"${BUILT_PRODUCTS_DIR}/CodableAlamofire/CodableAlamofire.framework",
				"${BUILT_PRODUCTS_DIR}/PromiseKit/PromiseKit.framework",
			);
			name = "[CP] Embed Pods Frameworks";
			outputPaths = (
				"${TARGET_BUILD_DIR}/${FRAMEWORKS_FOLDER_PATH}/Alamofire.framework",
				"${TARGET_BUILD_DIR}/${FRAMEWORKS_FOLDER_PATH}/CodableAlamofire.framework",
				"${TARGET_BUILD_DIR}/${FRAMEWORKS_FOLDER_PATH}/PromiseKit.framework",
			);
			runOnlyForDeploymentPostprocessing = 0;
			shellPath = /bin/sh;
			shellScript = "\"${PODS_ROOT}/Target Support Files/Pods-Toybox/Pods-Toybox-frameworks.sh\"\n";
			showEnvVarsInLog = 0;
		};
/* End PBXShellScriptBuildPhase section */

/* Begin PBXSourcesBuildPhase section */
		F443226A214AE1C700A25CA2 /* Sources */ = {
			isa = PBXSourcesBuildPhase;
			buildActionMask = 2147483647;
			files = (
				F4432271214AE1C700A25CA2 /* QRCodeReaderTests.swift in Sources */,
			);
			runOnlyForDeploymentPostprocessing = 0;
		};
		F4F09DAF1DAF669400026BB2 /* Sources */ = {
			isa = PBXSourcesBuildPhase;
			buildActionMask = 2147483647;
			files = (
				F4BB49892152A84500F74744 /* SnipeAPIResponseModels.swift in Sources */,
				46415C8722453CE30092751D /* DeviceTableViewCell.swift in Sources */,
				F4432265214954E800A25CA2 /* AlphabeticalViewController.swift in Sources */,
				F4BB498D21552FEE00F74744 /* ErrorManager.swift in Sources */,
				F4BB498F215D70DC00F74744 /* StringLiterals.swift in Sources */,
				F4F09DC91DAF6A3800026BB2 /* QRCodeViewController.swift in Sources */,
				F4432279214FF54600A25CA2 /* SnipeAPIManager.swift in Sources */,
				F4AAD5EB230B3F230018E73D /* UIStoryboardSegueWithCompletion.swift in Sources */,
				46415C8522453BE80092751D /* DevicesViewController.swift in Sources */,
				F4F09DB71DAF669400026BB2 /* AppDelegate.swift in Sources */,
				F4E7C6822301ABAB00382AE2 /* ScannerViewController.swift in Sources */,
				F4F09DCB1DAF6A4F00026BB2 /* QRScannerController.swift in Sources */,
				F48218F32305922400C9BC14 /* ConnectorViewController.swift in Sources */,
				F4E7C68823049A4E00382AE2 /* Button.swift in Sources */,
				F44322672149637600A25CA2 /* EmployeeTableViewCell.swift in Sources */,
			);
			runOnlyForDeploymentPostprocessing = 0;
		};
/* End PBXSourcesBuildPhase section */

/* Begin PBXTargetDependency section */
		F4432274214AE1C700A25CA2 /* PBXTargetDependency */ = {
			isa = PBXTargetDependency;
			target = F4F09DB21DAF669400026BB2 /* Toybox */;
			targetProxy = F4432273214AE1C700A25CA2 /* PBXContainerItemProxy */;
		};
/* End PBXTargetDependency section */

/* Begin PBXVariantGroup section */
		F4F09DBA1DAF669400026BB2 /* Main.storyboard */ = {
			isa = PBXVariantGroup;
			children = (
				F4F09DBB1DAF669400026BB2 /* Base */,
			);
			name = Main.storyboard;
			sourceTree = "<group>";
		};
		F4F09DBF1DAF669400026BB2 /* LaunchScreen.storyboard */ = {
			isa = PBXVariantGroup;
			children = (
				F4F09DC01DAF669400026BB2 /* Base */,
			);
			name = LaunchScreen.storyboard;
			sourceTree = "<group>";
		};
/* End PBXVariantGroup section */

/* Begin XCBuildConfiguration section */
		F4432276214AE1C700A25CA2 /* Debug */ = {
			isa = XCBuildConfiguration;
			baseConfigurationReference = DCA8F6C1EDB762BE07E7AAC4 /* Pods-ToyboxTests.debug.xcconfig */;
			buildSettings = {
				BUNDLE_LOADER = "$(TEST_HOST)";
				CLANG_ANALYZER_NUMBER_OBJECT_CONVERSION = YES_AGGRESSIVE;
				CLANG_CXX_LANGUAGE_STANDARD = "gnu++14";
				CLANG_ENABLE_OBJC_WEAK = YES;
				CLANG_WARN_UNGUARDED_AVAILABILITY = YES_AGGRESSIVE;
				CODE_SIGN_IDENTITY = "iPhone Developer";
				CODE_SIGN_STYLE = Automatic;
				DEVELOPMENT_TEAM = BFVB637U6Y;
				GCC_C_LANGUAGE_STANDARD = gnu11;
				INFOPLIST_FILE = QRCodeReaderTests/Info.plist;
				IPHONEOS_DEPLOYMENT_TARGET = 11.4;
				LD_RUNPATH_SEARCH_PATHS = "$(inherited) @executable_path/Frameworks @loader_path/Frameworks";
				PRODUCT_BUNDLE_IDENTIFIER = com.hackingwithswift.QRCodeReaderTests;
				PRODUCT_NAME = "$(TARGET_NAME)";
				SWIFT_VERSION = 4.2;
				TARGETED_DEVICE_FAMILY = "1,2";
				TEST_HOST = "$(BUILT_PRODUCTS_DIR)/QRCodeReader.app/QRCodeReader";
			};
			name = Debug;
		};
		F4432277214AE1C700A25CA2 /* Release */ = {
			isa = XCBuildConfiguration;
			baseConfigurationReference = 06DFC50B743E3E5C7758EE6C /* Pods-ToyboxTests.release.xcconfig */;
			buildSettings = {
				BUNDLE_LOADER = "$(TEST_HOST)";
				CLANG_ANALYZER_NUMBER_OBJECT_CONVERSION = YES_AGGRESSIVE;
				CLANG_CXX_LANGUAGE_STANDARD = "gnu++14";
				CLANG_ENABLE_OBJC_WEAK = YES;
				CLANG_WARN_UNGUARDED_AVAILABILITY = YES_AGGRESSIVE;
				CODE_SIGN_IDENTITY = "iPhone Developer";
				CODE_SIGN_STYLE = Automatic;
				DEVELOPMENT_TEAM = BFVB637U6Y;
				GCC_C_LANGUAGE_STANDARD = gnu11;
				INFOPLIST_FILE = QRCodeReaderTests/Info.plist;
				IPHONEOS_DEPLOYMENT_TARGET = 11.4;
				LD_RUNPATH_SEARCH_PATHS = "$(inherited) @executable_path/Frameworks @loader_path/Frameworks";
				PRODUCT_BUNDLE_IDENTIFIER = com.hackingwithswift.QRCodeReaderTests;
				PRODUCT_NAME = "$(TARGET_NAME)";
				SWIFT_VERSION = 4.2;
				TARGETED_DEVICE_FAMILY = "1,2";
				TEST_HOST = "$(BUILT_PRODUCTS_DIR)/QRCodeReader.app/QRCodeReader";
			};
			name = Release;
		};
		F4F09DC31DAF669400026BB2 /* Debug */ = {
			isa = XCBuildConfiguration;
			buildSettings = {
				ALWAYS_SEARCH_USER_PATHS = NO;
				CLANG_ANALYZER_NONNULL = YES;
				CLANG_CXX_LANGUAGE_STANDARD = "gnu++0x";
				CLANG_CXX_LIBRARY = "libc++";
				CLANG_ENABLE_MODULES = YES;
				CLANG_ENABLE_OBJC_ARC = YES;
				CLANG_WARN_BLOCK_CAPTURE_AUTORELEASING = YES;
				CLANG_WARN_BOOL_CONVERSION = YES;
				CLANG_WARN_COMMA = YES;
				CLANG_WARN_CONSTANT_CONVERSION = YES;
				CLANG_WARN_DEPRECATED_OBJC_IMPLEMENTATIONS = YES;
				CLANG_WARN_DIRECT_OBJC_ISA_USAGE = YES_ERROR;
				CLANG_WARN_DOCUMENTATION_COMMENTS = YES;
				CLANG_WARN_EMPTY_BODY = YES;
				CLANG_WARN_ENUM_CONVERSION = YES;
				CLANG_WARN_INFINITE_RECURSION = YES;
				CLANG_WARN_INT_CONVERSION = YES;
				CLANG_WARN_NON_LITERAL_NULL_CONVERSION = YES;
				CLANG_WARN_OBJC_IMPLICIT_RETAIN_SELF = YES;
				CLANG_WARN_OBJC_LITERAL_CONVERSION = YES;
				CLANG_WARN_OBJC_ROOT_CLASS = YES_ERROR;
				CLANG_WARN_RANGE_LOOP_ANALYSIS = YES;
				CLANG_WARN_STRICT_PROTOTYPES = YES;
				CLANG_WARN_SUSPICIOUS_MOVE = YES;
				CLANG_WARN_SUSPICIOUS_MOVES = YES;
				CLANG_WARN_UNREACHABLE_CODE = YES;
				CLANG_WARN__DUPLICATE_METHOD_MATCH = YES;
				"CODE_SIGN_IDENTITY[sdk=iphoneos*]" = "iPhone Developer";
				COPY_PHASE_STRIP = NO;
				DEBUG_INFORMATION_FORMAT = dwarf;
				ENABLE_STRICT_OBJC_MSGSEND = YES;
				ENABLE_TESTABILITY = YES;
				GCC_C_LANGUAGE_STANDARD = gnu99;
				GCC_DYNAMIC_NO_PIC = NO;
				GCC_NO_COMMON_BLOCKS = YES;
				GCC_OPTIMIZATION_LEVEL = 0;
				GCC_PREPROCESSOR_DEFINITIONS = (
					"DEBUG=1",
					"$(inherited)",
				);
				GCC_WARN_64_TO_32_BIT_CONVERSION = YES;
				GCC_WARN_ABOUT_RETURN_TYPE = YES_ERROR;
				GCC_WARN_UNDECLARED_SELECTOR = YES;
				GCC_WARN_UNINITIALIZED_AUTOS = YES_AGGRESSIVE;
				GCC_WARN_UNUSED_FUNCTION = YES;
				GCC_WARN_UNUSED_VARIABLE = YES;
				IPHONEOS_DEPLOYMENT_TARGET = 11.0;
				MTL_ENABLE_DEBUG_INFO = YES;
				ONLY_ACTIVE_ARCH = YES;
				SDKROOT = iphoneos;
				SWIFT_ACTIVE_COMPILATION_CONDITIONS = DEBUG;
				SWIFT_OPTIMIZATION_LEVEL = "-Onone";
				TARGETED_DEVICE_FAMILY = "1,2";
			};
			name = Debug;
		};
		F4F09DC41DAF669400026BB2 /* Release */ = {
			isa = XCBuildConfiguration;
			buildSettings = {
				ALWAYS_SEARCH_USER_PATHS = NO;
				CLANG_ANALYZER_NONNULL = YES;
				CLANG_CXX_LANGUAGE_STANDARD = "gnu++0x";
				CLANG_CXX_LIBRARY = "libc++";
				CLANG_ENABLE_MODULES = YES;
				CLANG_ENABLE_OBJC_ARC = YES;
				CLANG_WARN_BLOCK_CAPTURE_AUTORELEASING = YES;
				CLANG_WARN_BOOL_CONVERSION = YES;
				CLANG_WARN_COMMA = YES;
				CLANG_WARN_CONSTANT_CONVERSION = YES;
				CLANG_WARN_DEPRECATED_OBJC_IMPLEMENTATIONS = YES;
				CLANG_WARN_DIRECT_OBJC_ISA_USAGE = YES_ERROR;
				CLANG_WARN_DOCUMENTATION_COMMENTS = YES;
				CLANG_WARN_EMPTY_BODY = YES;
				CLANG_WARN_ENUM_CONVERSION = YES;
				CLANG_WARN_INFINITE_RECURSION = YES;
				CLANG_WARN_INT_CONVERSION = YES;
				CLANG_WARN_NON_LITERAL_NULL_CONVERSION = YES;
				CLANG_WARN_OBJC_IMPLICIT_RETAIN_SELF = YES;
				CLANG_WARN_OBJC_LITERAL_CONVERSION = YES;
				CLANG_WARN_OBJC_ROOT_CLASS = YES_ERROR;
				CLANG_WARN_RANGE_LOOP_ANALYSIS = YES;
				CLANG_WARN_STRICT_PROTOTYPES = YES;
				CLANG_WARN_SUSPICIOUS_MOVE = YES;
				CLANG_WARN_SUSPICIOUS_MOVES = YES;
				CLANG_WARN_UNREACHABLE_CODE = YES;
				CLANG_WARN__DUPLICATE_METHOD_MATCH = YES;
				"CODE_SIGN_IDENTITY[sdk=iphoneos*]" = "iPhone Developer";
				COPY_PHASE_STRIP = NO;
				DEBUG_INFORMATION_FORMAT = "dwarf-with-dsym";
				ENABLE_NS_ASSERTIONS = NO;
				ENABLE_STRICT_OBJC_MSGSEND = YES;
				GCC_C_LANGUAGE_STANDARD = gnu99;
				GCC_NO_COMMON_BLOCKS = YES;
				GCC_WARN_64_TO_32_BIT_CONVERSION = YES;
				GCC_WARN_ABOUT_RETURN_TYPE = YES_ERROR;
				GCC_WARN_UNDECLARED_SELECTOR = YES;
				GCC_WARN_UNINITIALIZED_AUTOS = YES_AGGRESSIVE;
				GCC_WARN_UNUSED_FUNCTION = YES;
				GCC_WARN_UNUSED_VARIABLE = YES;
				IPHONEOS_DEPLOYMENT_TARGET = 11.0;
				MTL_ENABLE_DEBUG_INFO = NO;
				SDKROOT = iphoneos;
				SWIFT_OPTIMIZATION_LEVEL = "-Owholemodule";
				TARGETED_DEVICE_FAMILY = "1,2";
				VALIDATE_PRODUCT = YES;
			};
			name = Release;
		};
		F4F09DC61DAF669400026BB2 /* Debug */ = {
			isa = XCBuildConfiguration;
			baseConfigurationReference = 35A8326CBDF649DFAA223B0B /* Pods-Toybox.debug.xcconfig */;
			buildSettings = {
				ASSETCATALOG_COMPILER_APPICON_NAME = AppIcon;
				CODE_SIGN_IDENTITY = "iPhone Developer";
				CODE_SIGN_STYLE = Automatic;
				DEVELOPMENT_TEAM = YL7Q499FV6;
				HEADER_SEARCH_PATHS = "$(SRCROOT)/Pods/**";
				INFOPLIST_FILE = "$(SRCROOT)/Toybox/Info.plist";
				LD_RUNPATH_SEARCH_PATHS = "$(inherited) @executable_path/Frameworks";
				PRODUCT_BUNDLE_IDENTIFIER = com.app.toybox;
				PRODUCT_NAME = "$(TARGET_NAME)";
				PROVISIONING_PROFILE_SPECIFIER = "";
				SWIFT_VERSION = 4.2;
			};
			name = Debug;
		};
		F4F09DC71DAF669400026BB2 /* Release */ = {
			isa = XCBuildConfiguration;
			baseConfigurationReference = C69251E0A9B13676F815C324 /* Pods-Toybox.release.xcconfig */;
			buildSettings = {
				ASSETCATALOG_COMPILER_APPICON_NAME = AppIcon;
				CODE_SIGN_IDENTITY = "iPhone Developer";
				CODE_SIGN_STYLE = Automatic;
				DEVELOPMENT_TEAM = YL7Q499FV6;
				HEADER_SEARCH_PATHS = "$(SRCROOT)/Pods/**";
				INFOPLIST_FILE = "$(SRCROOT)/Toybox/Info.plist";
				LD_RUNPATH_SEARCH_PATHS = "$(inherited) @executable_path/Frameworks";
				PRODUCT_BUNDLE_IDENTIFIER = com.app.toybox;
				PRODUCT_NAME = "$(TARGET_NAME)";
				PROVISIONING_PROFILE_SPECIFIER = "";
				SWIFT_VERSION = 4.2;
			};
			name = Release;
		};
/* End XCBuildConfiguration section */

/* Begin XCConfigurationList section */
		F4432275214AE1C700A25CA2 /* Build configuration list for PBXNativeTarget "ToyboxTests" */ = {
			isa = XCConfigurationList;
			buildConfigurations = (
				F4432276214AE1C700A25CA2 /* Debug */,
				F4432277214AE1C700A25CA2 /* Release */,
			);
			defaultConfigurationIsVisible = 0;
			defaultConfigurationName = Release;
		};
		F4F09DAE1DAF669400026BB2 /* Build configuration list for PBXProject "Toybox" */ = {
			isa = XCConfigurationList;
			buildConfigurations = (
				F4F09DC31DAF669400026BB2 /* Debug */,
				F4F09DC41DAF669400026BB2 /* Release */,
			);
			defaultConfigurationIsVisible = 0;
			defaultConfigurationName = Release;
		};
		F4F09DC51DAF669400026BB2 /* Build configuration list for PBXNativeTarget "Toybox" */ = {
			isa = XCConfigurationList;
			buildConfigurations = (
				F4F09DC61DAF669400026BB2 /* Debug */,
				F4F09DC71DAF669400026BB2 /* Release */,
			);
			defaultConfigurationIsVisible = 0;
			defaultConfigurationName = Release;
		};
/* End XCConfigurationList section */
	};
	rootObject = F4F09DAB1DAF669400026BB2 /* Project object */;
}
